// !$*UTF8*$!
{
	archiveVersion = 1;
	classes = {
	};
	objectVersion = 46;
	objects = {

/* Begin PBXBuildFile section */
		D212C536181577BC00C4E21D /* SearchView.m in Sources */ = {isa = PBXBuildFile; fileRef = D212C535181577BC00C4E21D /* SearchView.m */; };
		D213286E180065D000AFF98C /* ControlsView.m in Sources */ = {isa = PBXBuildFile; fileRef = D213286D180065D000AFF98C /* ControlsView.m */; };
		D21CE9F217FAFA0900F5AF42 /* Cocoa.framework in Frameworks */ = {isa = PBXBuildFile; fileRef = D21CE9F117FAFA0900F5AF42 /* Cocoa.framework */; };
		D21CE9FC17FAFA0900F5AF42 /* InfoPlist.strings in Resources */ = {isa = PBXBuildFile; fileRef = D21CE9FA17FAFA0900F5AF42 /* InfoPlist.strings */; };
		D21CE9FE17FAFA0900F5AF42 /* main.m in Sources */ = {isa = PBXBuildFile; fileRef = D21CE9FD17FAFA0900F5AF42 /* main.m */; };
		D21CEA0217FAFA0900F5AF42 /* Credits.html in Resources */ = {isa = PBXBuildFile; fileRef = D21CEA0017FAFA0900F5AF42 /* Credits.html */; };
		D21CEA0517FAFA0900F5AF42 /* AppDelegate.m in Sources */ = {isa = PBXBuildFile; fileRef = D21CEA0417FAFA0900F5AF42 /* AppDelegate.m */; };
		D21CEA0817FAFA0900F5AF42 /* MainMenu.xib in Resources */ = {isa = PBXBuildFile; fileRef = D21CEA0617FAFA0900F5AF42 /* MainMenu.xib */; };
		D21CEA0A17FAFA0900F5AF42 /* Images.xcassets in Resources */ = {isa = PBXBuildFile; fileRef = D21CEA0917FAFA0900F5AF42 /* Images.xcassets */; };
		D21CEA1117FAFA0A00F5AF42 /* XCTest.framework in Frameworks */ = {isa = PBXBuildFile; fileRef = D21CEA1017FAFA0A00F5AF42 /* XCTest.framework */; };
		D21CEA1217FAFA0A00F5AF42 /* Cocoa.framework in Frameworks */ = {isa = PBXBuildFile; fileRef = D21CE9F117FAFA0900F5AF42 /* Cocoa.framework */; };
		D21CEA1A17FAFA0A00F5AF42 /* InfoPlist.strings in Resources */ = {isa = PBXBuildFile; fileRef = D21CEA1817FAFA0A00F5AF42 /* InfoPlist.strings */; };
		D21CEA1C17FAFA0A00F5AF42 /* b_musicTests.m in Sources */ = {isa = PBXBuildFile; fileRef = D21CEA1B17FAFA0A00F5AF42 /* b_musicTests.m */; };
		D21CEA2717FAFAFE00F5AF42 /* AppController.m in Sources */ = {isa = PBXBuildFile; fileRef = D21CEA2617FAFAFE00F5AF42 /* AppController.m */; };
		D21CEA2A17FB016D00F5AF42 /* Settings.m in Sources */ = {isa = PBXBuildFile; fileRef = D21CEA2917FB016D00F5AF42 /* Settings.m */; };
		D21F538517FEF0E800703A88 /* SystemConfiguration.framework in Frameworks */ = {isa = PBXBuildFile; fileRef = D21F538417FEF0E800703A88 /* SystemConfiguration.framework */; };
		D27207781820031D0067D2CB /* ShowVolumeButton.m in Sources */ = {isa = PBXBuildFile; fileRef = D27207771820031D0067D2CB /* ShowVolumeButton.m */; };
		D2825B2D17FC20F200F725BD /* SheetWindowController.m in Sources */ = {isa = PBXBuildFile; fileRef = D2825B2B17FC20F200F725BD /* SheetWindowController.m */; };
		D2825B2E17FC20F200F725BD /* SheetWindowController.xib in Resources */ = {isa = PBXBuildFile; fileRef = D2825B2C17FC20F200F725BD /* SheetWindowController.xib */; };
		D2825B3217FC24E400F725BD /* PlayerWindow.m in Sources */ = {isa = PBXBuildFile; fileRef = D2825B3117FC24E400F725BD /* PlayerWindow.m */; };
		D2825B3617FC259C00F725BD /* PlayerView.m in Sources */ = {isa = PBXBuildFile; fileRef = D2825B3517FC259C00F725BD /* PlayerView.m */; };
		D2825B3917FC2D7200F725BD /* PlayerController.m in Sources */ = {isa = PBXBuildFile; fileRef = D2825B3817FC2D7200F725BD /* PlayerController.m */; };
		D2825B3C17FC2E2F00F725BD /* AVFoundation.framework in Frameworks */ = {isa = PBXBuildFile; fileRef = D2825B3B17FC2E2F00F725BD /* AVFoundation.framework */; };
		D2825B3E17FC408700F725BD /* CoreMedia.framework in Frameworks */ = {isa = PBXBuildFile; fileRef = D2825B3D17FC408700F725BD /* CoreMedia.framework */; };
		D2825B4117FC4E5000F725BD /* RuntimeSlider.m in Sources */ = {isa = PBXBuildFile; fileRef = D2825B4017FC4E5000F725BD /* RuntimeSlider.m */; };
		D2825B4817FC90F000F725BD /* Api.m in Sources */ = {isa = PBXBuildFile; fileRef = D2825B4717FC90F000F725BD /* Api.m */; };
		D2825B4C17FC990C00F725BD /* RuntimeSliderCell.m in Sources */ = {isa = PBXBuildFile; fileRef = D2825B4B17FC990C00F725BD /* RuntimeSliderCell.m */; };
		D2825B4F17FC9B1200F725BD /* TableRowView.m in Sources */ = {isa = PBXBuildFile; fileRef = D2825B4E17FC9B1200F725BD /* TableRowView.m */; };
		D2825B5317FC9BA700F725BD /* TableView.m in Sources */ = {isa = PBXBuildFile; fileRef = D2825B5217FC9BA700F725BD /* TableView.m */; };
		D2825B5617FC9E2C00F725BD /* Volume.m in Sources */ = {isa = PBXBuildFile; fileRef = D2825B5517FC9E2C00F725BD /* Volume.m */; };
		D2825B5A17FC9E4600F725BD /* VolumeCell.m in Sources */ = {isa = PBXBuildFile; fileRef = D2825B5917FC9E4600F725BD /* VolumeCell.m */; };
		D2825B5D17FD8BA100F725BD /* PlayButton.m in Sources */ = {isa = PBXBuildFile; fileRef = D2825B5C17FD8BA100F725BD /* PlayButton.m */; };
		D2825B6317FD8C1000F725BD /* RepeatButton.m in Sources */ = {isa = PBXBuildFile; fileRef = D2825B6017FD8C1000F725BD /* RepeatButton.m */; };
		D2825B6417FD8C1000F725BD /* ShuffleButton.m in Sources */ = {isa = PBXBuildFile; fileRef = D2825B6217FD8C1000F725BD /* ShuffleButton.m */; };
		D2825B6B17FD8C2900F725BD /* CloseButton.m in Sources */ = {isa = PBXBuildFile; fileRef = D2825B6617FD8C2800F725BD /* CloseButton.m */; };
		D2825B6C17FD8C2900F725BD /* FfwdButton.m in Sources */ = {isa = PBXBuildFile; fileRef = D2825B6817FD8C2800F725BD /* FfwdButton.m */; };
		D2825B6D17FD8C2900F725BD /* RewindButton.m in Sources */ = {isa = PBXBuildFile; fileRef = D2825B6A17FD8C2900F725BD /* RewindButton.m */; };
		D2825B7017FD8D7400F725BD /* ShowSearchButton.m in Sources */ = {isa = PBXBuildFile; fileRef = D2825B6F17FD8D7400F725BD /* ShowSearchButton.m */; };
		D2825B7317FD8E1E00F725BD /* ShowPlaylistButton.m in Sources */ = {isa = PBXBuildFile; fileRef = D2825B7217FD8E1E00F725BD /* ShowPlaylistButton.m */; };
		D2825B7A17FDB8FE00F725BD /* AddButtonCell.m in Sources */ = {isa = PBXBuildFile; fileRef = D2825B7517FDB8FE00F725BD /* AddButtonCell.m */; };
		D2825B7B17FDB8FE00F725BD /* PlayButtonCell.m in Sources */ = {isa = PBXBuildFile; fileRef = D2825B7717FDB8FE00F725BD /* PlayButtonCell.m */; };
		D2825B7C17FDB8FE00F725BD /* RemoveButtonCell.m in Sources */ = {isa = PBXBuildFile; fileRef = D2825B7917FDB8FE00F725BD /* RemoveButtonCell.m */; };
		D283B724181D1C6A000AB6DE /* MoreButtonCell.m in Sources */ = {isa = PBXBuildFile; fileRef = D283B723181D1C6A000AB6DE /* MoreButtonCell.m */; };
		D2971470181C4F57003E704D /* TableCellView.m in Sources */ = {isa = PBXBuildFile; fileRef = D297146F181C4F57003E704D /* TableCellView.m */; };
		D29E5F611819441300406490 /* LastfmAPI.m in Sources */ = {isa = PBXBuildFile; fileRef = D29E5F601819441300406490 /* LastfmAPI.m */; };
		D29E5F631819869800406490 /* QuartzCore.framework in Frameworks */ = {isa = PBXBuildFile; fileRef = D29E5F621819869800406490 /* QuartzCore.framework */; };
		D2F011CC181EC5E900B067CD /* ScrollView.m in Sources */ = {isa = PBXBuildFile; fileRef = D2F011CB181EC5E900B067CD /* ScrollView.m */; };
/* End PBXBuildFile section */

/* Begin PBXContainerItemProxy section */
		D21CEA1317FAFA0A00F5AF42 /* PBXContainerItemProxy */ = {
			isa = PBXContainerItemProxy;
			containerPortal = D21CE9E617FAFA0900F5AF42 /* Project object */;
			proxyType = 1;
			remoteGlobalIDString = D21CE9ED17FAFA0900F5AF42;
			remoteInfo = "b-music";
		};
/* End PBXContainerItemProxy section */

/* Begin PBXFileReference section */
		D212C534181577BC00C4E21D /* SearchView.h */ = {isa = PBXFileReference; fileEncoding = 4; lastKnownFileType = sourcecode.c.h; path = SearchView.h; sourceTree = "<group>"; };
		D212C535181577BC00C4E21D /* SearchView.m */ = {isa = PBXFileReference; fileEncoding = 4; lastKnownFileType = sourcecode.c.objc; path = SearchView.m; sourceTree = "<group>"; };
		D213286C180065D000AFF98C /* ControlsView.h */ = {isa = PBXFileReference; fileEncoding = 4; lastKnownFileType = sourcecode.c.h; path = ControlsView.h; sourceTree = "<group>"; };
		D213286D180065D000AFF98C /* ControlsView.m */ = {isa = PBXFileReference; fileEncoding = 4; lastKnownFileType = sourcecode.c.objc; path = ControlsView.m; sourceTree = "<group>"; };
		D21CE9EE17FAFA0900F5AF42 /* b-music.app */ = {isa = PBXFileReference; explicitFileType = wrapper.application; includeInIndex = 0; path = "b-music.app"; sourceTree = BUILT_PRODUCTS_DIR; };
		D21CE9F117FAFA0900F5AF42 /* Cocoa.framework */ = {isa = PBXFileReference; lastKnownFileType = wrapper.framework; name = Cocoa.framework; path = System/Library/Frameworks/Cocoa.framework; sourceTree = SDKROOT; };
		D21CE9F417FAFA0900F5AF42 /* AppKit.framework */ = {isa = PBXFileReference; lastKnownFileType = wrapper.framework; name = AppKit.framework; path = System/Library/Frameworks/AppKit.framework; sourceTree = SDKROOT; };
		D21CE9F517FAFA0900F5AF42 /* CoreData.framework */ = {isa = PBXFileReference; lastKnownFileType = wrapper.framework; name = CoreData.framework; path = System/Library/Frameworks/CoreData.framework; sourceTree = SDKROOT; };
		D21CE9F617FAFA0900F5AF42 /* Foundation.framework */ = {isa = PBXFileReference; lastKnownFileType = wrapper.framework; name = Foundation.framework; path = System/Library/Frameworks/Foundation.framework; sourceTree = SDKROOT; };
		D21CE9F917FAFA0900F5AF42 /* b-music-Info.plist */ = {isa = PBXFileReference; lastKnownFileType = text.plist.xml; path = "b-music-Info.plist"; sourceTree = "<group>"; };
		D21CE9FB17FAFA0900F5AF42 /* en */ = {isa = PBXFileReference; lastKnownFileType = text.plist.strings; name = en; path = en.lproj/InfoPlist.strings; sourceTree = "<group>"; };
		D21CE9FD17FAFA0900F5AF42 /* main.m */ = {isa = PBXFileReference; lastKnownFileType = sourcecode.c.objc; path = main.m; sourceTree = "<group>"; };
		D21CE9FF17FAFA0900F5AF42 /* b-music-Prefix.pch */ = {isa = PBXFileReference; lastKnownFileType = sourcecode.c.h; path = "b-music-Prefix.pch"; sourceTree = "<group>"; };
		D21CEA0117FAFA0900F5AF42 /* en */ = {isa = PBXFileReference; lastKnownFileType = text.html; name = en; path = en.lproj/Credits.html; sourceTree = "<group>"; };
		D21CEA0317FAFA0900F5AF42 /* AppDelegate.h */ = {isa = PBXFileReference; lastKnownFileType = sourcecode.c.h; path = AppDelegate.h; sourceTree = "<group>"; };
		D21CEA0417FAFA0900F5AF42 /* AppDelegate.m */ = {isa = PBXFileReference; lastKnownFileType = sourcecode.c.objc; path = AppDelegate.m; sourceTree = "<group>"; };
		D21CEA0717FAFA0900F5AF42 /* Base */ = {isa = PBXFileReference; lastKnownFileType = file.xib; name = Base; path = Base.lproj/MainMenu.xib; sourceTree = "<group>"; };
		D21CEA0917FAFA0900F5AF42 /* Images.xcassets */ = {isa = PBXFileReference; lastKnownFileType = folder.assetcatalog; path = Images.xcassets; sourceTree = "<group>"; };
		D21CEA0F17FAFA0A00F5AF42 /* b-musicTests.xctest */ = {isa = PBXFileReference; explicitFileType = wrapper.cfbundle; includeInIndex = 0; path = "b-musicTests.xctest"; sourceTree = BUILT_PRODUCTS_DIR; };
		D21CEA1017FAFA0A00F5AF42 /* XCTest.framework */ = {isa = PBXFileReference; lastKnownFileType = wrapper.framework; name = XCTest.framework; path = Library/Frameworks/XCTest.framework; sourceTree = DEVELOPER_DIR; };
		D21CEA1717FAFA0A00F5AF42 /* b-musicTests-Info.plist */ = {isa = PBXFileReference; lastKnownFileType = text.plist.xml; path = "b-musicTests-Info.plist"; sourceTree = "<group>"; };
		D21CEA1917FAFA0A00F5AF42 /* en */ = {isa = PBXFileReference; lastKnownFileType = text.plist.strings; name = en; path = en.lproj/InfoPlist.strings; sourceTree = "<group>"; };
		D21CEA1B17FAFA0A00F5AF42 /* b_musicTests.m */ = {isa = PBXFileReference; lastKnownFileType = sourcecode.c.objc; path = b_musicTests.m; sourceTree = "<group>"; };
		D21CEA2517FAFAFE00F5AF42 /* AppController.h */ = {isa = PBXFileReference; fileEncoding = 4; lastKnownFileType = sourcecode.c.h; path = AppController.h; sourceTree = "<group>"; };
		D21CEA2617FAFAFE00F5AF42 /* AppController.m */ = {isa = PBXFileReference; fileEncoding = 4; lastKnownFileType = sourcecode.c.objc; path = AppController.m; sourceTree = "<group>"; };
		D21CEA2817FB016D00F5AF42 /* Settings.h */ = {isa = PBXFileReference; fileEncoding = 4; lastKnownFileType = sourcecode.c.h; path = Settings.h; sourceTree = "<group>"; };
		D21CEA2917FB016D00F5AF42 /* Settings.m */ = {isa = PBXFileReference; fileEncoding = 4; lastKnownFileType = sourcecode.c.objc; path = Settings.m; sourceTree = "<group>"; };
		D21F538417FEF0E800703A88 /* SystemConfiguration.framework */ = {isa = PBXFileReference; lastKnownFileType = wrapper.framework; name = SystemConfiguration.framework; path = System/Library/Frameworks/SystemConfiguration.framework; sourceTree = SDKROOT; };
		D271B5D3180208A500D92282 /* b-music.entitlements */ = {isa = PBXFileReference; lastKnownFileType = text.xml; path = "b-music.entitlements"; sourceTree = "<group>"; };
		D27207761820031D0067D2CB /* ShowVolumeButton.h */ = {isa = PBXFileReference; fileEncoding = 4; lastKnownFileType = sourcecode.c.h; path = ShowVolumeButton.h; sourceTree = "<group>"; };
		D27207771820031D0067D2CB /* ShowVolumeButton.m */ = {isa = PBXFileReference; fileEncoding = 4; lastKnownFileType = sourcecode.c.objc; path = ShowVolumeButton.m; sourceTree = "<group>"; };
		D2825B2817FC20CE00F725BD /* WebKit.framework */ = {isa = PBXFileReference; lastKnownFileType = wrapper.framework; name = WebKit.framework; path = System/Library/Frameworks/WebKit.framework; sourceTree = SDKROOT; };
		D2825B2A17FC20F200F725BD /* SheetWindowController.h */ = {isa = PBXFileReference; fileEncoding = 4; lastKnownFileType = sourcecode.c.h; path = SheetWindowController.h; sourceTree = "<group>"; };
		D2825B2B17FC20F200F725BD /* SheetWindowController.m */ = {isa = PBXFileReference; fileEncoding = 4; lastKnownFileType = sourcecode.c.objc; path = SheetWindowController.m; sourceTree = "<group>"; };
		D2825B2C17FC20F200F725BD /* SheetWindowController.xib */ = {isa = PBXFileReference; fileEncoding = 4; lastKnownFileType = file.xib; path = SheetWindowController.xib; sourceTree = "<group>"; };
		D2825B3017FC24E400F725BD /* PlayerWindow.h */ = {isa = PBXFileReference; fileEncoding = 4; lastKnownFileType = sourcecode.c.h; path = PlayerWindow.h; sourceTree = "<group>"; };
		D2825B3117FC24E400F725BD /* PlayerWindow.m */ = {isa = PBXFileReference; fileEncoding = 4; lastKnownFileType = sourcecode.c.objc; path = PlayerWindow.m; sourceTree = "<group>"; };
		D2825B3417FC259C00F725BD /* PlayerView.h */ = {isa = PBXFileReference; fileEncoding = 4; lastKnownFileType = sourcecode.c.h; path = PlayerView.h; sourceTree = "<group>"; };
		D2825B3517FC259C00F725BD /* PlayerView.m */ = {isa = PBXFileReference; fileEncoding = 4; lastKnownFileType = sourcecode.c.objc; path = PlayerView.m; sourceTree = "<group>"; };
		D2825B3717FC2D7200F725BD /* PlayerController.h */ = {isa = PBXFileReference; fileEncoding = 4; lastKnownFileType = sourcecode.c.h; path = PlayerController.h; sourceTree = "<group>"; };
		D2825B3817FC2D7200F725BD /* PlayerController.m */ = {isa = PBXFileReference; fileEncoding = 4; lastKnownFileType = sourcecode.c.objc; path = PlayerController.m; sourceTree = "<group>"; };
		D2825B3B17FC2E2F00F725BD /* AVFoundation.framework */ = {isa = PBXFileReference; lastKnownFileType = wrapper.framework; name = AVFoundation.framework; path = System/Library/Frameworks/AVFoundation.framework; sourceTree = SDKROOT; };
		D2825B3D17FC408700F725BD /* CoreMedia.framework */ = {isa = PBXFileReference; lastKnownFileType = wrapper.framework; name = CoreMedia.framework; path = System/Library/Frameworks/CoreMedia.framework; sourceTree = SDKROOT; };
		D2825B3F17FC4E5000F725BD /* RuntimeSlider.h */ = {isa = PBXFileReference; fileEncoding = 4; lastKnownFileType = sourcecode.c.h; path = RuntimeSlider.h; sourceTree = "<group>"; };
		D2825B4017FC4E5000F725BD /* RuntimeSlider.m */ = {isa = PBXFileReference; fileEncoding = 4; lastKnownFileType = sourcecode.c.objc; path = RuntimeSlider.m; sourceTree = "<group>"; };
		D2825B4617FC90F000F725BD /* Api.h */ = {isa = PBXFileReference; fileEncoding = 4; lastKnownFileType = sourcecode.c.h; path = Api.h; sourceTree = "<group>"; };
		D2825B4717FC90F000F725BD /* Api.m */ = {isa = PBXFileReference; fileEncoding = 4; lastKnownFileType = sourcecode.c.objc; path = Api.m; sourceTree = "<group>"; };
		D2825B4A17FC990C00F725BD /* RuntimeSliderCell.h */ = {isa = PBXFileReference; fileEncoding = 4; lastKnownFileType = sourcecode.c.h; path = RuntimeSliderCell.h; sourceTree = "<group>"; };
		D2825B4B17FC990C00F725BD /* RuntimeSliderCell.m */ = {isa = PBXFileReference; fileEncoding = 4; lastKnownFileType = sourcecode.c.objc; path = RuntimeSliderCell.m; sourceTree = "<group>"; };
		D2825B4D17FC9B1200F725BD /* TableRowView.h */ = {isa = PBXFileReference; fileEncoding = 4; lastKnownFileType = sourcecode.c.h; path = TableRowView.h; sourceTree = "<group>"; };
		D2825B4E17FC9B1200F725BD /* TableRowView.m */ = {isa = PBXFileReference; fileEncoding = 4; lastKnownFileType = sourcecode.c.objc; path = TableRowView.m; sourceTree = "<group>"; };
		D2825B5117FC9BA700F725BD /* TableView.h */ = {isa = PBXFileReference; fileEncoding = 4; lastKnownFileType = sourcecode.c.h; path = TableView.h; sourceTree = "<group>"; };
		D2825B5217FC9BA700F725BD /* TableView.m */ = {isa = PBXFileReference; fileEncoding = 4; lastKnownFileType = sourcecode.c.objc; path = TableView.m; sourceTree = "<group>"; };
		D2825B5417FC9E2C00F725BD /* Volume.h */ = {isa = PBXFileReference; fileEncoding = 4; lastKnownFileType = sourcecode.c.h; path = Volume.h; sourceTree = "<group>"; };
		D2825B5517FC9E2C00F725BD /* Volume.m */ = {isa = PBXFileReference; fileEncoding = 4; lastKnownFileType = sourcecode.c.objc; path = Volume.m; sourceTree = "<group>"; };
		D2825B5817FC9E4600F725BD /* VolumeCell.h */ = {isa = PBXFileReference; fileEncoding = 4; lastKnownFileType = sourcecode.c.h; path = VolumeCell.h; sourceTree = "<group>"; };
		D2825B5917FC9E4600F725BD /* VolumeCell.m */ = {isa = PBXFileReference; fileEncoding = 4; lastKnownFileType = sourcecode.c.objc; path = VolumeCell.m; sourceTree = "<group>"; };
		D2825B5B17FD8BA100F725BD /* PlayButton.h */ = {isa = PBXFileReference; fileEncoding = 4; lastKnownFileType = sourcecode.c.h; path = PlayButton.h; sourceTree = "<group>"; };
		D2825B5C17FD8BA100F725BD /* PlayButton.m */ = {isa = PBXFileReference; fileEncoding = 4; lastKnownFileType = sourcecode.c.objc; path = PlayButton.m; sourceTree = "<group>"; };
		D2825B5F17FD8C1000F725BD /* RepeatButton.h */ = {isa = PBXFileReference; fileEncoding = 4; lastKnownFileType = sourcecode.c.h; path = RepeatButton.h; sourceTree = "<group>"; };
		D2825B6017FD8C1000F725BD /* RepeatButton.m */ = {isa = PBXFileReference; fileEncoding = 4; lastKnownFileType = sourcecode.c.objc; path = RepeatButton.m; sourceTree = "<group>"; };
		D2825B6117FD8C1000F725BD /* ShuffleButton.h */ = {isa = PBXFileReference; fileEncoding = 4; lastKnownFileType = sourcecode.c.h; path = ShuffleButton.h; sourceTree = "<group>"; };
		D2825B6217FD8C1000F725BD /* ShuffleButton.m */ = {isa = PBXFileReference; fileEncoding = 4; lastKnownFileType = sourcecode.c.objc; path = ShuffleButton.m; sourceTree = "<group>"; };
		D2825B6517FD8C2800F725BD /* CloseButton.h */ = {isa = PBXFileReference; fileEncoding = 4; lastKnownFileType = sourcecode.c.h; path = CloseButton.h; sourceTree = "<group>"; };
		D2825B6617FD8C2800F725BD /* CloseButton.m */ = {isa = PBXFileReference; fileEncoding = 4; lastKnownFileType = sourcecode.c.objc; path = CloseButton.m; sourceTree = "<group>"; };
		D2825B6717FD8C2800F725BD /* FfwdButton.h */ = {isa = PBXFileReference; fileEncoding = 4; lastKnownFileType = sourcecode.c.h; path = FfwdButton.h; sourceTree = "<group>"; };
		D2825B6817FD8C2800F725BD /* FfwdButton.m */ = {isa = PBXFileReference; fileEncoding = 4; lastKnownFileType = sourcecode.c.objc; path = FfwdButton.m; sourceTree = "<group>"; };
		D2825B6917FD8C2800F725BD /* RewindButton.h */ = {isa = PBXFileReference; fileEncoding = 4; lastKnownFileType = sourcecode.c.h; path = RewindButton.h; sourceTree = "<group>"; };
		D2825B6A17FD8C2900F725BD /* RewindButton.m */ = {isa = PBXFileReference; fileEncoding = 4; lastKnownFileType = sourcecode.c.objc; path = RewindButton.m; sourceTree = "<group>"; };
		D2825B6E17FD8D7400F725BD /* ShowSearchButton.h */ = {isa = PBXFileReference; fileEncoding = 4; lastKnownFileType = sourcecode.c.h; path = ShowSearchButton.h; sourceTree = "<group>"; };
		D2825B6F17FD8D7400F725BD /* ShowSearchButton.m */ = {isa = PBXFileReference; fileEncoding = 4; lastKnownFileType = sourcecode.c.objc; path = ShowSearchButton.m; sourceTree = "<group>"; };
		D2825B7117FD8E1E00F725BD /* ShowPlaylistButton.h */ = {isa = PBXFileReference; fileEncoding = 4; lastKnownFileType = sourcecode.c.h; path = ShowPlaylistButton.h; sourceTree = "<group>"; };
		D2825B7217FD8E1E00F725BD /* ShowPlaylistButton.m */ = {isa = PBXFileReference; fileEncoding = 4; lastKnownFileType = sourcecode.c.objc; path = ShowPlaylistButton.m; sourceTree = "<group>"; };
		D2825B7417FDB8FE00F725BD /* AddButtonCell.h */ = {isa = PBXFileReference; fileEncoding = 4; lastKnownFileType = sourcecode.c.h; path = AddButtonCell.h; sourceTree = "<group>"; };
		D2825B7517FDB8FE00F725BD /* AddButtonCell.m */ = {isa = PBXFileReference; fileEncoding = 4; lastKnownFileType = sourcecode.c.objc; path = AddButtonCell.m; sourceTree = "<group>"; };
		D2825B7617FDB8FE00F725BD /* PlayButtonCell.h */ = {isa = PBXFileReference; fileEncoding = 4; lastKnownFileType = sourcecode.c.h; path = PlayButtonCell.h; sourceTree = "<group>"; };
		D2825B7717FDB8FE00F725BD /* PlayButtonCell.m */ = {isa = PBXFileReference; fileEncoding = 4; lastKnownFileType = sourcecode.c.objc; path = PlayButtonCell.m; sourceTree = "<group>"; };
		D2825B7817FDB8FE00F725BD /* RemoveButtonCell.h */ = {isa = PBXFileReference; fileEncoding = 4; lastKnownFileType = sourcecode.c.h; path = RemoveButtonCell.h; sourceTree = "<group>"; };
		D2825B7917FDB8FE00F725BD /* RemoveButtonCell.m */ = {isa = PBXFileReference; fileEncoding = 4; lastKnownFileType = sourcecode.c.objc; path = RemoveButtonCell.m; sourceTree = "<group>"; };
		D283B722181D1C6A000AB6DE /* MoreButtonCell.h */ = {isa = PBXFileReference; fileEncoding = 4; lastKnownFileType = sourcecode.c.h; path = MoreButtonCell.h; sourceTree = "<group>"; };
		D283B723181D1C6A000AB6DE /* MoreButtonCell.m */ = {isa = PBXFileReference; fileEncoding = 4; lastKnownFileType = sourcecode.c.objc; path = MoreButtonCell.m; sourceTree = "<group>"; };
		D297146E181C4F57003E704D /* TableCellView.h */ = {isa = PBXFileReference; fileEncoding = 4; lastKnownFileType = sourcecode.c.h; path = TableCellView.h; sourceTree = "<group>"; };
		D297146F181C4F57003E704D /* TableCellView.m */ = {isa = PBXFileReference; fileEncoding = 4; lastKnownFileType = sourcecode.c.objc; path = TableCellView.m; sourceTree = "<group>"; };
		D29E5F5F1819441300406490 /* LastfmAPI.h */ = {isa = PBXFileReference; fileEncoding = 4; lastKnownFileType = sourcecode.c.h; path = LastfmAPI.h; sourceTree = "<group>"; };
		D29E5F601819441300406490 /* LastfmAPI.m */ = {isa = PBXFileReference; fileEncoding = 4; lastKnownFileType = sourcecode.c.objc; path = LastfmAPI.m; sourceTree = "<group>"; };
		D29E5F621819869800406490 /* QuartzCore.framework */ = {isa = PBXFileReference; lastKnownFileType = wrapper.framework; name = QuartzCore.framework; path = System/Library/Frameworks/QuartzCore.framework; sourceTree = SDKROOT; };
		D2D9B694180EBFB200D9C6B7 /* ApplicationServices.framework */ = {isa = PBXFileReference; lastKnownFileType = wrapper.framework; name = ApplicationServices.framework; path = System/Library/Frameworks/ApplicationServices.framework; sourceTree = SDKROOT; };
		D2F011CA181EC5E800B067CD /* ScrollView.h */ = {isa = PBXFileReference; fileEncoding = 4; lastKnownFileType = sourcecode.c.h; name = ScrollView.h; path = "b-music/ScrollView.h"; sourceTree = "<group>"; };
		D2F011CB181EC5E900B067CD /* ScrollView.m */ = {isa = PBXFileReference; fileEncoding = 4; lastKnownFileType = sourcecode.c.objc; name = ScrollView.m; path = "b-music/ScrollView.m"; sourceTree = "<group>"; };
/* End PBXFileReference section */

/* Begin PBXFrameworksBuildPhase section */
		D21CE9EB17FAFA0900F5AF42 /* Frameworks */ = {
			isa = PBXFrameworksBuildPhase;
			buildActionMask = 2147483647;
			files = (
				D29E5F631819869800406490 /* QuartzCore.framework in Frameworks */,
				D21F538517FEF0E800703A88 /* SystemConfiguration.framework in Frameworks */,
				D2825B3E17FC408700F725BD /* CoreMedia.framework in Frameworks */,
				D2825B3C17FC2E2F00F725BD /* AVFoundation.framework in Frameworks */,
				D21CE9F217FAFA0900F5AF42 /* Cocoa.framework in Frameworks */,
			);
			runOnlyForDeploymentPostprocessing = 0;
		};
		D21CEA0C17FAFA0A00F5AF42 /* Frameworks */ = {
			isa = PBXFrameworksBuildPhase;
			buildActionMask = 2147483647;
			files = (
				D21CEA1217FAFA0A00F5AF42 /* Cocoa.framework in Frameworks */,
				D21CEA1117FAFA0A00F5AF42 /* XCTest.framework in Frameworks */,
			);
			runOnlyForDeploymentPostprocessing = 0;
		};
/* End PBXFrameworksBuildPhase section */

/* Begin PBXGroup section */
		D212C53A18157A2500C4E21D /* Search */ = {
			isa = PBXGroup;
			children = (
				D212C534181577BC00C4E21D /* SearchView.h */,
				D212C535181577BC00C4E21D /* SearchView.m */,
			);
			name = Search;
			sourceTree = "<group>";
		};
		D213286F180065D600AFF98C /* Controls */ = {
			isa = PBXGroup;
			children = (
				D213286C180065D000AFF98C /* ControlsView.h */,
				D213286D180065D000AFF98C /* ControlsView.m */,
			);
			name = Controls;
			sourceTree = "<group>";
		};
		D21CE9E517FAFA0900F5AF42 = {
			isa = PBXGroup;
			children = (
				D21CE9F717FAFA0900F5AF42 /* b-music */,
				D21CEA1517FAFA0A00F5AF42 /* b-musicTests */,
				D21CE9F017FAFA0900F5AF42 /* Frameworks */,
				D21CE9EF17FAFA0900F5AF42 /* Products */,
			);
			sourceTree = "<group>";
		};
		D21CE9EF17FAFA0900F5AF42 /* Products */ = {
			isa = PBXGroup;
			children = (
				D21CE9EE17FAFA0900F5AF42 /* b-music.app */,
				D21CEA0F17FAFA0A00F5AF42 /* b-musicTests.xctest */,
			);
			name = Products;
			sourceTree = "<group>";
		};
		D21CE9F017FAFA0900F5AF42 /* Frameworks */ = {
			isa = PBXGroup;
			children = (
				D29E5F621819869800406490 /* QuartzCore.framework */,
				D2D9B694180EBFB200D9C6B7 /* ApplicationServices.framework */,
				D21F538417FEF0E800703A88 /* SystemConfiguration.framework */,
				D2825B3D17FC408700F725BD /* CoreMedia.framework */,
				D2825B3B17FC2E2F00F725BD /* AVFoundation.framework */,
				D2825B2817FC20CE00F725BD /* WebKit.framework */,
				D21CE9F117FAFA0900F5AF42 /* Cocoa.framework */,
				D21CEA1017FAFA0A00F5AF42 /* XCTest.framework */,
				D21CE9F317FAFA0900F5AF42 /* Other Frameworks */,
			);
			name = Frameworks;
			sourceTree = "<group>";
		};
		D21CE9F317FAFA0900F5AF42 /* Other Frameworks */ = {
			isa = PBXGroup;
			children = (
				D21CE9F417FAFA0900F5AF42 /* AppKit.framework */,
				D21CE9F517FAFA0900F5AF42 /* CoreData.framework */,
				D21CE9F617FAFA0900F5AF42 /* Foundation.framework */,
			);
			name = "Other Frameworks";
			sourceTree = "<group>";
		};
		D21CE9F717FAFA0900F5AF42 /* b-music */ = {
			isa = PBXGroup;
			children = (
				D21CEA0617FAFA0900F5AF42 /* MainMenu.xib */,
				D2F011CD181EC5EF00B067CD /* ScrollView */,
				D213286F180065D600AFF98C /* Controls */,
				D21CEA2517FAFAFE00F5AF42 /* AppController.h */,
				D21CEA2617FAFAFE00F5AF42 /* AppController.m */,
				D2825B4917FC90F300F725BD /* Api */,
				D2825B3A17FC2D7800F725BD /* Player */,
				D2825B3317FC24EE00F725BD /* PlayerWindow */,
				D2825B2F17FC20FE00F725BD /* Sheet */,
				D21CEA2B17FB017300F5AF42 /* Settings */,
				D21CEA0317FAFA0900F5AF42 /* AppDelegate.h */,
				D21CEA0417FAFA0900F5AF42 /* AppDelegate.m */,
				D212C53A18157A2500C4E21D /* Search */,
				D21CEA0917FAFA0900F5AF42 /* Images.xcassets */,
				D2825B5017FC9B1E00F725BD /* Table */,
				D21CE9F817FAFA0900F5AF42 /* Supporting Files */,
				D2825B4217FC4E5500F725BD /* RuntimeSlider */,
				D2825B5717FC9E3100F725BD /* Volume */,
				D2825B5E17FD8BA600F725BD /* Buttons */,
			);
			path = "b-music";
			sourceTree = "<group>";
		};
		D21CE9F817FAFA0900F5AF42 /* Supporting Files */ = {
			isa = PBXGroup;
			children = (
				D271B5D3180208A500D92282 /* b-music.entitlements */,
				D21CE9F917FAFA0900F5AF42 /* b-music-Info.plist */,
				D21CE9FA17FAFA0900F5AF42 /* InfoPlist.strings */,
				D21CE9FD17FAFA0900F5AF42 /* main.m */,
				D21CE9FF17FAFA0900F5AF42 /* b-music-Prefix.pch */,
				D21CEA0017FAFA0900F5AF42 /* Credits.html */,
			);
			name = "Supporting Files";
			sourceTree = "<group>";
		};
		D21CEA1517FAFA0A00F5AF42 /* b-musicTests */ = {
			isa = PBXGroup;
			children = (
				D21CEA1B17FAFA0A00F5AF42 /* b_musicTests.m */,
				D21CEA1617FAFA0A00F5AF42 /* Supporting Files */,
			);
			path = "b-musicTests";
			sourceTree = "<group>";
		};
		D21CEA1617FAFA0A00F5AF42 /* Supporting Files */ = {
			isa = PBXGroup;
			children = (
				D21CEA1717FAFA0A00F5AF42 /* b-musicTests-Info.plist */,
				D21CEA1817FAFA0A00F5AF42 /* InfoPlist.strings */,
			);
			name = "Supporting Files";
			sourceTree = "<group>";
		};
		D21CEA2B17FB017300F5AF42 /* Settings */ = {
			isa = PBXGroup;
			children = (
				D21CEA2817FB016D00F5AF42 /* Settings.h */,
				D21CEA2917FB016D00F5AF42 /* Settings.m */,
			);
			name = Settings;
			sourceTree = "<group>";
		};
		D24F0AFA181EDAE3008D9EDA /* TableView */ = {
			isa = PBXGroup;
			children = (
				D2825B5117FC9BA700F725BD /* TableView.h */,
				D2825B5217FC9BA700F725BD /* TableView.m */,
			);
			name = TableView;
			sourceTree = "<group>";
		};
		D24F0AFB181EDAEC008D9EDA /* TableRow */ = {
			isa = PBXGroup;
			children = (
				D2825B4D17FC9B1200F725BD /* TableRowView.h */,
				D2825B4E17FC9B1200F725BD /* TableRowView.m */,
			);
			name = TableRow;
			sourceTree = "<group>";
		};
		D24F0AFC181EDB0C008D9EDA /* PlayerView */ = {
			isa = PBXGroup;
			children = (
				D2825B3417FC259C00F725BD /* PlayerView.h */,
				D2825B3517FC259C00F725BD /* PlayerView.m */,
			);
			name = PlayerView;
			sourceTree = "<group>";
		};
		D2825B2F17FC20FE00F725BD /* Sheet */ = {
			isa = PBXGroup;
			children = (
				D2825B2A17FC20F200F725BD /* SheetWindowController.h */,
				D2825B2B17FC20F200F725BD /* SheetWindowController.m */,
				D2825B2C17FC20F200F725BD /* SheetWindowController.xib */,
			);
			name = Sheet;
			sourceTree = "<group>";
		};
		D2825B3317FC24EE00F725BD /* PlayerWindow */ = {
			isa = PBXGroup;
			children = (
				D24F0AFC181EDB0C008D9EDA /* PlayerView */,
				D2825B3017FC24E400F725BD /* PlayerWindow.h */,
				D2825B3117FC24E400F725BD /* PlayerWindow.m */,
			);
			name = PlayerWindow;
			sourceTree = "<group>";
		};
		D2825B3A17FC2D7800F725BD /* Player */ = {
			isa = PBXGroup;
			children = (
				D2825B3717FC2D7200F725BD /* PlayerController.h */,
				D2825B3817FC2D7200F725BD /* PlayerController.m */,
			);
			name = Player;
			sourceTree = "<group>";
		};
		D2825B4217FC4E5500F725BD /* RuntimeSlider */ = {
			isa = PBXGroup;
			children = (
				D2825B4A17FC990C00F725BD /* RuntimeSliderCell.h */,
				D2825B4B17FC990C00F725BD /* RuntimeSliderCell.m */,
				D2825B3F17FC4E5000F725BD /* RuntimeSlider.h */,
				D2825B4017FC4E5000F725BD /* RuntimeSlider.m */,
			);
			name = RuntimeSlider;
			sourceTree = "<group>";
		};
		D2825B4917FC90F300F725BD /* Api */ = {
			isa = PBXGroup;
			children = (
				D2825B4617FC90F000F725BD /* Api.h */,
				D2825B4717FC90F000F725BD /* Api.m */,
				D29E5F5F1819441300406490 /* LastfmAPI.h */,
				D29E5F601819441300406490 /* LastfmAPI.m */,
			);
			name = Api;
			sourceTree = "<group>";
		};
		D2825B5017FC9B1E00F725BD /* Table */ = {
			isa = PBXGroup;
			children = (
				D2825B7D17FDB90900F725BD /* TableCell */,
				D24F0AFA181EDAE3008D9EDA /* TableView */,
				D24F0AFB181EDAEC008D9EDA /* TableRow */,
			);
			name = Table;
			sourceTree = "<group>";
		};
		D2825B5717FC9E3100F725BD /* Volume */ = {
			isa = PBXGroup;
			children = (
				D2825B5417FC9E2C00F725BD /* Volume.h */,
				D2825B5517FC9E2C00F725BD /* Volume.m */,
				D2825B5817FC9E4600F725BD /* VolumeCell.h */,
				D2825B5917FC9E4600F725BD /* VolumeCell.m */,
			);
			name = Volume;
			sourceTree = "<group>";
		};
		D2825B5E17FD8BA600F725BD /* Buttons */ = {
			isa = PBXGroup;
			children = (
				D2825B7117FD8E1E00F725BD /* ShowPlaylistButton.h */,
				D2825B7217FD8E1E00F725BD /* ShowPlaylistButton.m */,
				D2825B6E17FD8D7400F725BD /* ShowSearchButton.h */,
				D2825B6F17FD8D7400F725BD /* ShowSearchButton.m */,
				D2825B6517FD8C2800F725BD /* CloseButton.h */,
				D2825B6617FD8C2800F725BD /* CloseButton.m */,
				D2825B6717FD8C2800F725BD /* FfwdButton.h */,
				D2825B6817FD8C2800F725BD /* FfwdButton.m */,
				D2825B6917FD8C2800F725BD /* RewindButton.h */,
				D2825B6A17FD8C2900F725BD /* RewindButton.m */,
				D2825B5F17FD8C1000F725BD /* RepeatButton.h */,
				D2825B6017FD8C1000F725BD /* RepeatButton.m */,
				D2825B6117FD8C1000F725BD /* ShuffleButton.h */,
				D2825B6217FD8C1000F725BD /* ShuffleButton.m */,
				D2825B5B17FD8BA100F725BD /* PlayButton.h */,
				D2825B5C17FD8BA100F725BD /* PlayButton.m */,
				D27207761820031D0067D2CB /* ShowVolumeButton.h */,
				D27207771820031D0067D2CB /* ShowVolumeButton.m */,
			);
			name = Buttons;
			sourceTree = "<group>";
		};
		D2825B7D17FDB90900F725BD /* TableCell */ = {
			isa = PBXGroup;
			children = (
				D283B725181D1CFD000AB6DE /* Buttons */,
				D297146E181C4F57003E704D /* TableCellView.h */,
				D297146F181C4F57003E704D /* TableCellView.m */,
			);
			name = TableCell;
			sourceTree = "<group>";
		};
		D283B725181D1CFD000AB6DE /* Buttons */ = {
			isa = PBXGroup;
			children = (
				D283B722181D1C6A000AB6DE /* MoreButtonCell.h */,
				D283B723181D1C6A000AB6DE /* MoreButtonCell.m */,
				D2825B7417FDB8FE00F725BD /* AddButtonCell.h */,
				D2825B7517FDB8FE00F725BD /* AddButtonCell.m */,
				D2825B7617FDB8FE00F725BD /* PlayButtonCell.h */,
				D2825B7717FDB8FE00F725BD /* PlayButtonCell.m */,
				D2825B7817FDB8FE00F725BD /* RemoveButtonCell.h */,
				D2825B7917FDB8FE00F725BD /* RemoveButtonCell.m */,
			);
			name = Buttons;
			sourceTree = "<group>";
		};
		D2F011CD181EC5EF00B067CD /* ScrollView */ = {
			isa = PBXGroup;
			children = (
				D2F011CA181EC5E800B067CD /* ScrollView.h */,
				D2F011CB181EC5E900B067CD /* ScrollView.m */,
			);
			name = ScrollView;
			path = ..;
			sourceTree = "<group>";
		};
/* End PBXGroup section */

/* Begin PBXNativeTarget section */
		D21CE9ED17FAFA0900F5AF42 /* b-music */ = {
			isa = PBXNativeTarget;
			buildConfigurationList = D21CEA1F17FAFA0A00F5AF42 /* Build configuration list for PBXNativeTarget "b-music" */;
			buildPhases = (
				D21CE9EA17FAFA0900F5AF42 /* Sources */,
				D21CE9EB17FAFA0900F5AF42 /* Frameworks */,
				D21CE9EC17FAFA0900F5AF42 /* Resources */,
			);
			buildRules = (
			);
			dependencies = (
			);
			name = "b-music";
			productName = "b-music";
			productReference = D21CE9EE17FAFA0900F5AF42 /* b-music.app */;
			productType = "com.apple.product-type.application";
		};
		D21CEA0E17FAFA0A00F5AF42 /* b-musicTests */ = {
			isa = PBXNativeTarget;
			buildConfigurationList = D21CEA2217FAFA0A00F5AF42 /* Build configuration list for PBXNativeTarget "b-musicTests" */;
			buildPhases = (
				D21CEA0B17FAFA0A00F5AF42 /* Sources */,
				D21CEA0C17FAFA0A00F5AF42 /* Frameworks */,
				D21CEA0D17FAFA0A00F5AF42 /* Resources */,
			);
			buildRules = (
			);
			dependencies = (
				D21CEA1417FAFA0A00F5AF42 /* PBXTargetDependency */,
			);
			name = "b-musicTests";
			productName = "b-musicTests";
			productReference = D21CEA0F17FAFA0A00F5AF42 /* b-musicTests.xctest */;
			productType = "com.apple.product-type.bundle.unit-test";
		};
/* End PBXNativeTarget section */

/* Begin PBXProject section */
		D21CE9E617FAFA0900F5AF42 /* Project object */ = {
			isa = PBXProject;
			attributes = {
				LastUpgradeCheck = 0500;
				ORGANIZATIONNAME = "Sergey P";
				TargetAttributes = {
					D21CE9ED17FAFA0900F5AF42 = {
						SystemCapabilities = {
							com.apple.Sandbox = {
								enabled = 1;
							};
						};
					};
					D21CEA0E17FAFA0A00F5AF42 = {
						TestTargetID = D21CE9ED17FAFA0900F5AF42;
					};
				};
			};
			buildConfigurationList = D21CE9E917FAFA0900F5AF42 /* Build configuration list for PBXProject "b-music" */;
			compatibilityVersion = "Xcode 3.2";
			developmentRegion = English;
			hasScannedForEncodings = 0;
			knownRegions = (
				en,
				Base,
			);
			mainGroup = D21CE9E517FAFA0900F5AF42;
			productRefGroup = D21CE9EF17FAFA0900F5AF42 /* Products */;
			projectDirPath = "";
			projectRoot = "";
			targets = (
				D21CE9ED17FAFA0900F5AF42 /* b-music */,
				D21CEA0E17FAFA0A00F5AF42 /* b-musicTests */,
			);
		};
/* End PBXProject section */

/* Begin PBXResourcesBuildPhase section */
		D21CE9EC17FAFA0900F5AF42 /* Resources */ = {
			isa = PBXResourcesBuildPhase;
			buildActionMask = 2147483647;
			files = (
				D21CE9FC17FAFA0900F5AF42 /* InfoPlist.strings in Resources */,
				D2825B2E17FC20F200F725BD /* SheetWindowController.xib in Resources */,
				D21CEA0A17FAFA0900F5AF42 /* Images.xcassets in Resources */,
				D21CEA0217FAFA0900F5AF42 /* Credits.html in Resources */,
				D21CEA0817FAFA0900F5AF42 /* MainMenu.xib in Resources */,
			);
			runOnlyForDeploymentPostprocessing = 0;
		};
		D21CEA0D17FAFA0A00F5AF42 /* Resources */ = {
			isa = PBXResourcesBuildPhase;
			buildActionMask = 2147483647;
			files = (
				D21CEA1A17FAFA0A00F5AF42 /* InfoPlist.strings in Resources */,
			);
			runOnlyForDeploymentPostprocessing = 0;
		};
/* End PBXResourcesBuildPhase section */

/* Begin PBXSourcesBuildPhase section */
		D21CE9EA17FAFA0900F5AF42 /* Sources */ = {
			isa = PBXSourcesBuildPhase;
			buildActionMask = 2147483647;
			files = (
				D2825B5A17FC9E4600F725BD /* VolumeCell.m in Sources */,
				D2825B2D17FC20F200F725BD /* SheetWindowController.m in Sources */,
				D21CEA0517FAFA0900F5AF42 /* AppDelegate.m in Sources */,
				D21CEA2717FAFAFE00F5AF42 /* AppController.m in Sources */,
				D29E5F611819441300406490 /* LastfmAPI.m in Sources */,
				D2825B5617FC9E2C00F725BD /* Volume.m in Sources */,
				D21CEA2A17FB016D00F5AF42 /* Settings.m in Sources */,
				D213286E180065D000AFF98C /* ControlsView.m in Sources */,
				D2825B4F17FC9B1200F725BD /* TableRowView.m in Sources */,
				D2825B5317FC9BA700F725BD /* TableView.m in Sources */,
				D2825B3217FC24E400F725BD /* PlayerWindow.m in Sources */,
				D2825B6D17FD8C2900F725BD /* RewindButton.m in Sources */,
				D2825B5D17FD8BA100F725BD /* PlayButton.m in Sources */,
				D2825B6C17FD8C2900F725BD /* FfwdButton.m in Sources */,
				D2825B4117FC4E5000F725BD /* RuntimeSlider.m in Sources */,
				D283B724181D1C6A000AB6DE /* MoreButtonCell.m in Sources */,
				D2825B7017FD8D7400F725BD /* ShowSearchButton.m in Sources */,
				D2F011CC181EC5E900B067CD /* ScrollView.m in Sources */,
				D2825B6317FD8C1000F725BD /* RepeatButton.m in Sources */,
				D2825B7A17FDB8FE00F725BD /* AddButtonCell.m in Sources */,
				D2825B7B17FDB8FE00F725BD /* PlayButtonCell.m in Sources */,
				D2825B7C17FDB8FE00F725BD /* RemoveButtonCell.m in Sources */,
				D21CE9FE17FAFA0900F5AF42 /* main.m in Sources */,
				D2825B6B17FD8C2900F725BD /* CloseButton.m in Sources */,
				D2825B4817FC90F000F725BD /* Api.m in Sources */,
				D2825B4C17FC990C00F725BD /* RuntimeSliderCell.m in Sources */,
				D2825B3917FC2D7200F725BD /* PlayerController.m in Sources */,
				D212C536181577BC00C4E21D /* SearchView.m in Sources */,
				D2825B7317FD8E1E00F725BD /* ShowPlaylistButton.m in Sources */,
				D2971470181C4F57003E704D /* TableCellView.m in Sources */,
				D27207781820031D0067D2CB /* ShowVolumeButton.m in Sources */,
				D2825B3617FC259C00F725BD /* PlayerView.m in Sources */,
				D2825B6417FD8C1000F725BD /* ShuffleButton.m in Sources */,
			);
			runOnlyForDeploymentPostprocessing = 0;
		};
		D21CEA0B17FAFA0A00F5AF42 /* Sources */ = {
			isa = PBXSourcesBuildPhase;
			buildActionMask = 2147483647;
			files = (
				D21CEA1C17FAFA0A00F5AF42 /* b_musicTests.m in Sources */,
			);
			runOnlyForDeploymentPostprocessing = 0;
		};
/* End PBXSourcesBuildPhase section */

/* Begin PBXTargetDependency section */
		D21CEA1417FAFA0A00F5AF42 /* PBXTargetDependency */ = {
			isa = PBXTargetDependency;
			target = D21CE9ED17FAFA0900F5AF42 /* b-music */;
			targetProxy = D21CEA1317FAFA0A00F5AF42 /* PBXContainerItemProxy */;
		};
/* End PBXTargetDependency section */

/* Begin PBXVariantGroup section */
		D21CE9FA17FAFA0900F5AF42 /* InfoPlist.strings */ = {
			isa = PBXVariantGroup;
			children = (
				D21CE9FB17FAFA0900F5AF42 /* en */,
			);
			name = InfoPlist.strings;
			sourceTree = "<group>";
		};
		D21CEA0017FAFA0900F5AF42 /* Credits.html */ = {
			isa = PBXVariantGroup;
			children = (
				D21CEA0117FAFA0900F5AF42 /* en */,
			);
			name = Credits.html;
			sourceTree = "<group>";
		};
		D21CEA0617FAFA0900F5AF42 /* MainMenu.xib */ = {
			isa = PBXVariantGroup;
			children = (
				D21CEA0717FAFA0900F5AF42 /* Base */,
			);
			name = MainMenu.xib;
			sourceTree = "<group>";
		};
		D21CEA1817FAFA0A00F5AF42 /* InfoPlist.strings */ = {
			isa = PBXVariantGroup;
			children = (
				D21CEA1917FAFA0A00F5AF42 /* en */,
			);
			name = InfoPlist.strings;
			sourceTree = "<group>";
		};
/* End PBXVariantGroup section */

/* Begin XCBuildConfiguration section */
		D21CEA1D17FAFA0A00F5AF42 /* Debug */ = {
			isa = XCBuildConfiguration;
			buildSettings = {
				ALWAYS_SEARCH_USER_PATHS = NO;
				CLANG_CXX_LANGUAGE_STANDARD = "gnu++0x";
				CLANG_CXX_LIBRARY = "libc++";
				CLANG_ENABLE_OBJC_ARC = YES;
				CLANG_WARN_BOOL_CONVERSION = YES;
				CLANG_WARN_CONSTANT_CONVERSION = YES;
				CLANG_WARN_DIRECT_OBJC_ISA_USAGE = YES_ERROR;
				CLANG_WARN_EMPTY_BODY = YES;
				CLANG_WARN_ENUM_CONVERSION = YES;
				CLANG_WARN_INT_CONVERSION = YES;
				CLANG_WARN_OBJC_ROOT_CLASS = YES_ERROR;
				CLANG_WARN__DUPLICATE_METHOD_MATCH = YES;
				COPY_PHASE_STRIP = NO;
				GCC_C_LANGUAGE_STANDARD = gnu99;
				GCC_DYNAMIC_NO_PIC = NO;
				GCC_ENABLE_OBJC_EXCEPTIONS = YES;
				GCC_OPTIMIZATION_LEVEL = 0;
				GCC_PREPROCESSOR_DEFINITIONS = (
					"DEBUG=1",
					"$(inherited)",
				);
				GCC_SYMBOLS_PRIVATE_EXTERN = NO;
				GCC_WARN_64_TO_32_BIT_CONVERSION = YES;
				GCC_WARN_ABOUT_RETURN_TYPE = YES_ERROR;
				GCC_WARN_UNDECLARED_SELECTOR = YES;
				GCC_WARN_UNINITIALIZED_AUTOS = YES;
				GCC_WARN_UNUSED_FUNCTION = YES;
				GCC_WARN_UNUSED_VARIABLE = YES;
				MACOSX_DEPLOYMENT_TARGET = 10.8;
				ONLY_ACTIVE_ARCH = YES;
				SDKROOT = macosx;
			};
			name = Debug;
		};
		D21CEA1E17FAFA0A00F5AF42 /* Release */ = {
			isa = XCBuildConfiguration;
			buildSettings = {
				ALWAYS_SEARCH_USER_PATHS = NO;
				CLANG_CXX_LANGUAGE_STANDARD = "gnu++0x";
				CLANG_CXX_LIBRARY = "libc++";
				CLANG_ENABLE_OBJC_ARC = YES;
				CLANG_WARN_BOOL_CONVERSION = YES;
				CLANG_WARN_CONSTANT_CONVERSION = YES;
				CLANG_WARN_DIRECT_OBJC_ISA_USAGE = YES_ERROR;
				CLANG_WARN_EMPTY_BODY = YES;
				CLANG_WARN_ENUM_CONVERSION = YES;
				CLANG_WARN_INT_CONVERSION = YES;
				CLANG_WARN_OBJC_ROOT_CLASS = YES_ERROR;
				CLANG_WARN__DUPLICATE_METHOD_MATCH = YES;
				COPY_PHASE_STRIP = YES;
				DEBUG_INFORMATION_FORMAT = "dwarf-with-dsym";
				ENABLE_NS_ASSERTIONS = NO;
				GCC_C_LANGUAGE_STANDARD = gnu99;
				GCC_ENABLE_OBJC_EXCEPTIONS = YES;
				GCC_WARN_64_TO_32_BIT_CONVERSION = YES;
				GCC_WARN_ABOUT_RETURN_TYPE = YES_ERROR;
				GCC_WARN_UNDECLARED_SELECTOR = YES;
				GCC_WARN_UNINITIALIZED_AUTOS = YES;
				GCC_WARN_UNUSED_FUNCTION = YES;
				GCC_WARN_UNUSED_VARIABLE = YES;
				MACOSX_DEPLOYMENT_TARGET = 10.8;
				SDKROOT = macosx;
			};
			name = Release;
		};
		D21CEA2017FAFA0A00F5AF42 /* Debug */ = {
			isa = XCBuildConfiguration;
			buildSettings = {
				ASSETCATALOG_COMPILER_APPICON_NAME = AppIcon;
				CODE_SIGN_ENTITLEMENTS = "b-music/b-music.entitlements";
				CODE_SIGN_IDENTITY = "-";
				COMBINE_HIDPI_IMAGES = YES;
				GCC_PRECOMPILE_PREFIX_HEADER = YES;
				GCC_PREFIX_HEADER = "b-music/b-music-Prefix.pch";
				INFOPLIST_FILE = "b-music/b-music-Info.plist";
				MACOSX_DEPLOYMENT_TARGET = 10.8;
				PRODUCT_NAME = "$(TARGET_NAME)";
				WRAPPER_EXTENSION = app;
			};
			name = Debug;
		};
		D21CEA2117FAFA0A00F5AF42 /* Release */ = {
			isa = XCBuildConfiguration;
			buildSettings = {
				ASSETCATALOG_COMPILER_APPICON_NAME = AppIcon;
				CODE_SIGN_ENTITLEMENTS = "b-music/b-music.entitlements";
				CODE_SIGN_IDENTITY = "-";
				COMBINE_HIDPI_IMAGES = YES;
				GCC_PRECOMPILE_PREFIX_HEADER = YES;
				GCC_PREFIX_HEADER = "b-music/b-music-Prefix.pch";
				INFOPLIST_FILE = "b-music/b-music-Info.plist";
				MACOSX_DEPLOYMENT_TARGET = 10.8;
				PRODUCT_NAME = "$(TARGET_NAME)";
				WRAPPER_EXTENSION = app;
			};
			name = Release;
		};
		D21CEA2317FAFA0A00F5AF42 /* Debug */ = {
			isa = XCBuildConfiguration;
			buildSettings = {
				BUNDLE_LOADER = "$(BUILT_PRODUCTS_DIR)/b-music.app/Contents/MacOS/b-music";
				COMBINE_HIDPI_IMAGES = YES;
				FRAMEWORK_SEARCH_PATHS = (
					"$(DEVELOPER_FRAMEWORKS_DIR)",
					"$(inherited)",
				);
				GCC_PRECOMPILE_PREFIX_HEADER = YES;
				GCC_PREFIX_HEADER = "b-music/b-music-Prefix.pch";
				GCC_PREPROCESSOR_DEFINITIONS = (
					"DEBUG=1",
					"$(inherited)",
				);
				INFOPLIST_FILE = "b-musicTests/b-musicTests-Info.plist";
				PRODUCT_NAME = "$(TARGET_NAME)";
				TEST_HOST = "$(BUNDLE_LOADER)";
				WRAPPER_EXTENSION = xctest;
			};
			name = Debug;
		};
		D21CEA2417FAFA0A00F5AF42 /* Release */ = {
			isa = XCBuildConfiguration;
			buildSettings = {
				BUNDLE_LOADER = "$(BUILT_PRODUCTS_DIR)/b-music.app/Contents/MacOS/b-music";
				COMBINE_HIDPI_IMAGES = YES;
				FRAMEWORK_SEARCH_PATHS = (
					"$(DEVELOPER_FRAMEWORKS_DIR)",
					"$(inherited)",
				);
				GCC_PRECOMPILE_PREFIX_HEADER = YES;
				GCC_PREFIX_HEADER = "b-music/b-music-Prefix.pch";
				INFOPLIST_FILE = "b-musicTests/b-musicTests-Info.plist";
				PRODUCT_NAME = "$(TARGET_NAME)";
				TEST_HOST = "$(BUNDLE_LOADER)";
				WRAPPER_EXTENSION = xctest;
			};
			name = Release;
		};
/* End XCBuildConfiguration section */

/* Begin XCConfigurationList section */
		D21CE9E917FAFA0900F5AF42 /* Build configuration list for PBXProject "b-music" */ = {
			isa = XCConfigurationList;
			buildConfigurations = (
				D21CEA1D17FAFA0A00F5AF42 /* Debug */,
				D21CEA1E17FAFA0A00F5AF42 /* Release */,
			);
			defaultConfigurationIsVisible = 0;
			defaultConfigurationName = Release;
		};
		D21CEA1F17FAFA0A00F5AF42 /* Build configuration list for PBXNativeTarget "b-music" */ = {
			isa = XCConfigurationList;
			buildConfigurations = (
				D21CEA2017FAFA0A00F5AF42 /* Debug */,
				D21CEA2117FAFA0A00F5AF42 /* Release */,
			);
			defaultConfigurationIsVisible = 0;
			defaultConfigurationName = Release;
		};
		D21CEA2217FAFA0A00F5AF42 /* Build configuration list for PBXNativeTarget "b-musicTests" */ = {
			isa = XCConfigurationList;
			buildConfigurations = (
				D21CEA2317FAFA0A00F5AF42 /* Debug */,
				D21CEA2417FAFA0A00F5AF42 /* Release */,
			);
			defaultConfigurationIsVisible = 0;
			defaultConfigurationName = Release;
		};
/* End XCConfigurationList section */
	};
	rootObject = D21CE9E617FAFA0900F5AF42 /* Project object */;
}
